github.com/akavel/rsrc v0.9.0 h1:HwUDC0+tMFWqN4D5G+o5siGD4oVsC3jn6zM8ocjc3nY=
github.com/akavel/rsrc v0.9.0/go.mod h1:uLoCtb9J+EyAqh+26kdrTgmzRBFPGOolLWKpdxkKq+c=
github.com/atotto/clipboard v0.1.2 h1:YZCtFu5Ie8qX2VmVTBnrqLSiU9XOWwqNRmdT3gIQzbY=
github.com/atotto/clipboard v0.1.2/go.mod h1:ZY9tmq7sm5xIbd9bOK4onWV4S6X0u6GY7Vn0Yu86PYI=
github.com/braintree/manners v0.0.0-20160418043613-82a8879fc5fd h1:ePesaBzdTmoMQjwqRCLP2jY+jjWMBpwws/LEQdt1fMM=
github.com/braintree/manners v0.0.0-20160418043613-82a8879fc5fd/go.mod h1:TNehV1AhBwtT7Bd+rh8G6MoGDbBLNs/sKdk3nvr4Yzg=
github.com/julienschmidt/httprouter v1.3.0 h1:U0609e9tgbseu3rBINet9P48AI/D3oJs4dN7jwJOQ1U=
github.com/julienschmidt/httprouter v1.3.0/go.mod h1:JR6WtHb+2LUe8TCKY3cZOxFyyO8IZAc4RVcycCCAKdM=
github.com/lxn/walk v0.0.0-20200924155701-77185e9c4aec h1:jUqYGLClH17owfRm/anYrrJuKD1aLE7BN8wjIDPwzcY=
github.com/lxn/walk v0.0.0-20200924155701-77185e9c4aec/go.mod h1:E23UucZGqpuUANJooIbHWCufXvOcT6E7Stq81gU+CSQ=
github.com/lxn/win v0.0.0-20191128105842-2da648fda5b4 h1:5BmtGkQbch91lglMHQ9JIDGiYCL3kBRBA0ItZTvOcEI=
github.com/lxn/win v0.0.0-20191128105842-2da648fda5b4/go.mod h1:ouWl4wViUNh8tPSIwxTVMuS014WakR1hqvBc2I0bMoA=
golang.org/x/sys v0.0.0-20190904154756-749cb33beabd/go.mod h1:h1NjWce9XRLGQEsW7wpKNCjG9DtNlClVuFLEZdDNbEs=
golang.org/x/sys v0.0.0-20201009025420-dfb3f7c4e634 h1:bNEHhJCnrwMKNMmOx3yAynp5vs5/gRy+XWFtZFu7NBM=
golang.org/x/sys v0.0.0-20201009025420-dfb3f7c4e634/go.mod h1:h1NjWce9XRLGQEsW7wpKNCjG9DtNlClVuFLEZdDNbEs=
gopkg.in/Knetic/govaluate.v3 v3.0.0 h1:18mUyIt4ZlRlFZAAfVetz4/rzlJs9yhN+U02F4u1AOc=
gopkg.in/Knetic/govaluate.v3 v3.0.0/go.mod h1:csKLBORsPbafmSCGTEh3U7Ozmsuq8ZSIlKk1bcqph0E=
